
Microsoft Visual Studio Solution File, Format Version 12.00
# Visual Studio Version 16
VisualStudioVersion = 16.0.31019.35
MinimumVisualStudioVersion = 10.0.40219.1
Project("{8BC9CEB8-8B4A-11D0-8D11-00A0C91BC942}") = "ImageScaling", "ImageScaling\ImageScaling.vcxproj", "{45B70CED-7380-4B8A-8740-F828EB7CE1BB}"
EndProject
Global
	GlobalSection(SolutionConfigurationPlatforms) = preSolution
		Debug|x64 = Debug|x64
		Debug|x86 = Debug|x86
		Release|x64 = Release|x64
		Release|x86 = Release|x86
	EndGlobalSection
	GlobalSection(ProjectConfigurationPlatforms) = postSolution
		{45B70CED-7380-4B8A-8740-F828EB7CE1BB}.Debug|x64.ActiveCfg = Debug|x64
		{45B70CED-7380-4B8A-8740-F828EB7CE1BB}.Debug|x64.Build.0 = Debug|x64
		{45B70CED-7380-4B8A-8740-F828EB7CE1BB}.Debug|x86.ActiveCfg = Debug|Win32
		{45B70CED-7380-4B8A-8740-F828EB7CE1BB}.Debug|x86.Build.0 = Debug|Win32
		{45B70CED-7380-4B8A-8740-F828EB7CE1BB}.Release|x64.ActiveCfg = Release|x64
		{45B70CED-7380-4B8A-8740-F828EB7CE1BB}.Release|x64.Build.0 = Release|x64
		{45B70CED-7380-4B8A-8740-F828EB7CE1BB}.Release|x86.ActiveCfg = Release|Win32
		{45B70CED-7380-4B8A-8740-F828EB7CE1BB}.Release|x86.Build.0 = Release|Win32
	EndGlobalSection
	GlobalSection(SolutionProperties) = preSolution
		HideSolutionNode = FALSE
	EndGlobalSection
	GlobalSection(ExtensibilityGlobals) = postSolution
		SolutionGuid = {B4012ED3-992F-4BE9-8972-AA66BAF04B0D}
	EndGlobalSection
EndGlobal
